
Microsoft Visual Studio Solution File, Format Version 12.00
Project("{FAE04EC0-301F-11D3-BF4B-00C04F79EFBC}") = "WebAPI", "WebAPI\WebAPI.csproj", "{3E3AE43A-8C04-4C23-90D3-5440981FB2F6}"
EndProject
Project("{2150E333-8FDC-42A3-9474-1A3956D46DE8}") = "Common", "Common", "{A9C4816C-31C8-4F2B-AB2D-BC0E15ECD453}"
EndProject
Project("{FAE04EC0-301F-11D3-BF4B-00C04F79EFBC}") = "Database", "Database\Database.csproj", "{F9D3CE19-694E-4315-A28B-37DC3302D02F}"
EndProject
Project("{FAE04EC0-301F-11D3-BF4B-00C04F79EFBC}") = "Domain", "Domain\Domain.csproj", "{31F5A286-764D-4877-B0C2-C31E3E523381}"
EndProject
Project("{FAE04EC0-301F-11D3-BF4B-00C04F79EFBC}") = "Services", "Services\Services.csproj", "{B70F5B27-5477-407C-9633-DE67FCCEB497}"
EndProject
Project("{2150E333-8FDC-42A3-9474-1A3956D46DE8}") = "Tests", "Tests", "{9A87F1D7-C244-4F44-BE91-A3BF92F81FE3}"
EndProject
Project("{FAE04EC0-301F-11D3-BF4B-00C04F79EFBC}") = "UnitTests", "UnitTests\UnitTests.csproj", "{E9D08221-72ED-4FBB-9D63-AC23DC1F9CB9}"
EndProject
Project("{FAE04EC0-301F-11D3-BF4B-00C04F79EFBC}") = "IntegrationTests", "IntegrationTests\IntegrationTests.csproj", "{5CE3CEC7-B2C5-4A49-8511-892BC2265726}"
EndProject
Project("{FAE04EC0-301F-11D3-BF4B-00C04F79EFBC}") = "CommonFixtures", "CommonFixtures\CommonFixtures.csproj", "{FB82AC15-E98D-46EE-B168-D6B3176E1515}"
EndProject
Global
	GlobalSection(SolutionConfigurationPlatforms) = preSolution
		Debug|Any CPU = Debug|Any CPU
		Release|Any CPU = Release|Any CPU
	EndGlobalSection
	GlobalSection(ProjectConfigurationPlatforms) = postSolution
		{3E3AE43A-8C04-4C23-90D3-5440981FB2F6}.Debug|Any CPU.ActiveCfg = Debug|Any CPU
		{3E3AE43A-8C04-4C23-90D3-5440981FB2F6}.Debug|Any CPU.Build.0 = Debug|Any CPU
		{3E3AE43A-8C04-4C23-90D3-5440981FB2F6}.Release|Any CPU.ActiveCfg = Release|Any CPU
		{3E3AE43A-8C04-4C23-90D3-5440981FB2F6}.Release|Any CPU.Build.0 = Release|Any CPU
		{F9D3CE19-694E-4315-A28B-37DC3302D02F}.Debug|Any CPU.ActiveCfg = Debug|Any CPU
		{F9D3CE19-694E-4315-A28B-37DC3302D02F}.Debug|Any CPU.Build.0 = Debug|Any CPU
		{F9D3CE19-694E-4315-A28B-37DC3302D02F}.Release|Any CPU.ActiveCfg = Release|Any CPU
		{F9D3CE19-694E-4315-A28B-37DC3302D02F}.Release|Any CPU.Build.0 = Release|Any CPU
		{31F5A286-764D-4877-B0C2-C31E3E523381}.Debug|Any CPU.ActiveCfg = Debug|Any CPU
		{31F5A286-764D-4877-B0C2-C31E3E523381}.Debug|Any CPU.Build.0 = Debug|Any CPU
		{31F5A286-764D-4877-B0C2-C31E3E523381}.Release|Any CPU.ActiveCfg = Release|Any CPU
		{31F5A286-764D-4877-B0C2-C31E3E523381}.Release|Any CPU.Build.0 = Release|Any CPU
		{B70F5B27-5477-407C-9633-DE67FCCEB497}.Debug|Any CPU.ActiveCfg = Debug|Any CPU
		{B70F5B27-5477-407C-9633-DE67FCCEB497}.Debug|Any CPU.Build.0 = Debug|Any CPU
		{B70F5B27-5477-407C-9633-DE67FCCEB497}.Release|Any CPU.ActiveCfg = Release|Any CPU
		{B70F5B27-5477-407C-9633-DE67FCCEB497}.Release|Any CPU.Build.0 = Release|Any CPU
		{E9D08221-72ED-4FBB-9D63-AC23DC1F9CB9}.Debug|Any CPU.ActiveCfg = Debug|Any CPU
		{E9D08221-72ED-4FBB-9D63-AC23DC1F9CB9}.Debug|Any CPU.Build.0 = Debug|Any CPU
		{E9D08221-72ED-4FBB-9D63-AC23DC1F9CB9}.Release|Any CPU.ActiveCfg = Release|Any CPU
		{E9D08221-72ED-4FBB-9D63-AC23DC1F9CB9}.Release|Any CPU.Build.0 = Release|Any CPU
		{5CE3CEC7-B2C5-4A49-8511-892BC2265726}.Debug|Any CPU.ActiveCfg = Debug|Any CPU
		{5CE3CEC7-B2C5-4A49-8511-892BC2265726}.Debug|Any CPU.Build.0 = Debug|Any CPU
		{5CE3CEC7-B2C5-4A49-8511-892BC2265726}.Release|Any CPU.ActiveCfg = Release|Any CPU
		{5CE3CEC7-B2C5-4A49-8511-892BC2265726}.Release|Any CPU.Build.0 = Release|Any CPU
		{FB82AC15-E98D-46EE-B168-D6B3176E1515}.Debug|Any CPU.ActiveCfg = Debug|Any CPU
		{FB82AC15-E98D-46EE-B168-D6B3176E1515}.Debug|Any CPU.Build.0 = Debug|Any CPU
		{FB82AC15-E98D-46EE-B168-D6B3176E1515}.Release|Any CPU.ActiveCfg = Release|Any CPU
		{FB82AC15-E98D-46EE-B168-D6B3176E1515}.Release|Any CPU.Build.0 = Release|Any CPU
	EndGlobalSection
	GlobalSection(NestedProjects) = preSolution
		{F9D3CE19-694E-4315-A28B-37DC3302D02F} = {A9C4816C-31C8-4F2B-AB2D-BC0E15ECD453}
		{31F5A286-764D-4877-B0C2-C31E3E523381} = {A9C4816C-31C8-4F2B-AB2D-BC0E15ECD453}
		{B70F5B27-5477-407C-9633-DE67FCCEB497} = {A9C4816C-31C8-4F2B-AB2D-BC0E15ECD453}
		{E9D08221-72ED-4FBB-9D63-AC23DC1F9CB9} = {9A87F1D7-C244-4F44-BE91-A3BF92F81FE3}
		{5CE3CEC7-B2C5-4A49-8511-892BC2265726} = {9A87F1D7-C244-4F44-BE91-A3BF92F81FE3}
		{FB82AC15-E98D-46EE-B168-D6B3176E1515} = {9A87F1D7-C244-4F44-BE91-A3BF92F81FE3}
	EndGlobalSection
EndGlobal
